
Microsoft Visual Studio Solution File, Format Version 12.00
# Visual Studio Version 16
VisualStudioVersion = 16.0.30204.135
MinimumVisualStudioVersion = 10.0.40219.1
Project("{FAE04EC0-301F-11D3-BF4B-00C04F79EFBC}") = "ARMDataManager", "ARMDataManager\ARMDataManager.csproj", "{50CCF749-49E8-4C2E-B7DC-B2F106A12E37}"
EndProject
Project("{00D1A9C2-B5F0-4AF3-8072-F6C62B433612}") = "ARMData", "ARMData\ARMData.sqlproj", "{13BB1E49-11A2-46F7-B9FF-B9F527696C99}"
EndProject
Project("{FAE04EC0-301F-11D3-BF4B-00C04F79EFBC}") = "ARMDesktopUI", "ARMDesktopUI\ARMDesktopUI.csproj", "{F5B0B662-34F8-4C82-A318-B43185C30B01}"
EndProject
Project("{FAE04EC0-301F-11D3-BF4B-00C04F79EFBC}") = "ARMDataManager.Library", "ARMDataManager.Library\ARMDataManager.Library.csproj", "{934F7A41-CA8E-4768-9022-5818A8CAA018}"
EndProject
Project("{FAE04EC0-301F-11D3-BF4B-00C04F79EFBC}") = "ARMDesktopUI.Library", "ARMDesktopUI.Library\ARMDesktopUI.Library.csproj", "{33782C11-1955-4739-80E0-97C8218EBF1D}"
EndProject
Global
	GlobalSection(SolutionConfigurationPlatforms) = preSolution
		Debug|Any CPU = Debug|Any CPU
		Release|Any CPU = Release|Any CPU
	EndGlobalSection
	GlobalSection(ProjectConfigurationPlatforms) = postSolution
		{50CCF749-49E8-4C2E-B7DC-B2F106A12E37}.Debug|Any CPU.ActiveCfg = Debug|Any CPU
		{50CCF749-49E8-4C2E-B7DC-B2F106A12E37}.Debug|Any CPU.Build.0 = Debug|Any CPU
		{50CCF749-49E8-4C2E-B7DC-B2F106A12E37}.Release|Any CPU.ActiveCfg = Release|Any CPU
		{50CCF749-49E8-4C2E-B7DC-B2F106A12E37}.Release|Any CPU.Build.0 = Release|Any CPU
		{13BB1E49-11A2-46F7-B9FF-B9F527696C99}.Debug|Any CPU.ActiveCfg = Debug|Any CPU
		{13BB1E49-11A2-46F7-B9FF-B9F527696C99}.Debug|Any CPU.Build.0 = Debug|Any CPU
		{13BB1E49-11A2-46F7-B9FF-B9F527696C99}.Debug|Any CPU.Deploy.0 = Debug|Any CPU
		{13BB1E49-11A2-46F7-B9FF-B9F527696C99}.Release|Any CPU.ActiveCfg = Release|Any CPU
		{13BB1E49-11A2-46F7-B9FF-B9F527696C99}.Release|Any CPU.Build.0 = Release|Any CPU
		{13BB1E49-11A2-46F7-B9FF-B9F527696C99}.Release|Any CPU.Deploy.0 = Release|Any CPU
		{F5B0B662-34F8-4C82-A318-B43185C30B01}.Debug|Any CPU.ActiveCfg = Debug|Any CPU
		{F5B0B662-34F8-4C82-A318-B43185C30B01}.Debug|Any CPU.Build.0 = Debug|Any CPU
		{F5B0B662-34F8-4C82-A318-B43185C30B01}.Release|Any CPU.ActiveCfg = Release|Any CPU
		{F5B0B662-34F8-4C82-A318-B43185C30B01}.Release|Any CPU.Build.0 = Release|Any CPU
		{934F7A41-CA8E-4768-9022-5818A8CAA018}.Debug|Any CPU.ActiveCfg = Debug|Any CPU
		{934F7A41-CA8E-4768-9022-5818A8CAA018}.Debug|Any CPU.Build.0 = Debug|Any CPU
		{934F7A41-CA8E-4768-9022-5818A8CAA018}.Release|Any CPU.ActiveCfg = Release|Any CPU
		{934F7A41-CA8E-4768-9022-5818A8CAA018}.Release|Any CPU.Build.0 = Release|Any CPU
		{33782C11-1955-4739-80E0-97C8218EBF1D}.Debug|Any CPU.ActiveCfg = Debug|Any CPU
		{33782C11-1955-4739-80E0-97C8218EBF1D}.Debug|Any CPU.Build.0 = Debug|Any CPU
		{33782C11-1955-4739-80E0-97C8218EBF1D}.Release|Any CPU.ActiveCfg = Release|Any CPU
		{33782C11-1955-4739-80E0-97C8218EBF1D}.Release|Any CPU.Build.0 = Release|Any CPU
	EndGlobalSection
	GlobalSection(SolutionProperties) = preSolution
		HideSolutionNode = FALSE
	EndGlobalSection
	GlobalSection(ExtensibilityGlobals) = postSolution
		SolutionGuid = {9AFAC974-B88B-4106-86DE-B45DBED0BD48}
	EndGlobalSection
EndGlobal
